{
  "version": "4",
  "specifiers": {
    "npm:@effect/platform@~0.69.30": "0.69.31_effect@3.10.19",
    "npm:@types/node@*": "22.5.4",
    "npm:effect@^3.10.19": "3.10.19",
    "npm:solid-js@^1.9.3": "1.9.3_seroval@1.1.1"
  },
  "npm": {
    "@effect/platform@0.69.31_effect@3.10.19": {
      "integrity": "sha512-a4JQHieGF/kxH8ZSfEpVrxbdX9haAKFyoOQT5tXiiWoXSgvm+iQ/41FhXqwkWeMddh0hbYJmvmkEljcXUuxWcQ==",
      "dependencies": [
        "effect",
        "find-my-way-ts",
        "multipasta"
      ]
    },
    "@types/node@22.5.4": {
      "integrity": "sha512-FDuKUJQm/ju9fT/SeX/6+gBzoPzlVCzfzmGkwKvRHQVxi4BntVbyIwf6a4Xn62mrvndLiml6z/UBXIdEVjQLXg==",
      "dependencies": [
        "undici-types"
      ]
    },
    "csstype@3.1.3": {
      "integrity": "sha512-M1uQkMl8rQK/szD0LNhtqxIPLpimGm8sOBwU7lLnCpSbTyY3yeU1Vc7l4KT5zT4s/yOxHH5O7tIuuLOCnLADRw=="
    },
    "effect@3.10.19": {
      "integrity": "sha512-Bc+unZVpHQ/0QkydshNk97OjDXT17Y1M4rBjDZaEPjD6YmlcZxhadEo325OfdPQKWCKEHTdRGtX8/bfQ0RLTIw==",
      "dependencies": [
        "fast-check"
      ]
    },
    "fast-check@3.23.1": {
      "integrity": "sha512-u/MudsoQEgBUZgR5N1v87vEgybeVYus9VnDVaIkxkkGP2jt54naghQ3PCQHJiogS8U/GavZCUPFfx3Xkp+NaHw==",
      "dependencies": [
        "pure-rand"
      ]
    },
    "find-my-way-ts@0.1.5": {
      "integrity": "sha512-4GOTMrpGQVzsCH2ruUn2vmwzV/02zF4q+ybhCIrw/Rkt3L8KWcycdC6aJMctJzwN4fXD4SD5F/4B9Sksh5rE0A=="
    },
    "multipasta@0.2.5": {
      "integrity": "sha512-c8eMDb1WwZcE02WVjHoOmUVk7fnKU/RmUcosHACglrWAuPQsEJv+E8430sXj6jNc1jHw0zrS16aCjQh4BcEb4A=="
    },
    "pure-rand@6.1.0": {
      "integrity": "sha512-bVWawvoZoBYpp6yIoQtQXHZjmz35RSVHnUOTefl8Vcjr8snTPY1wnpSPMWekcFwbxI6gtmT7rSYPFvz71ldiOA=="
    },
    "seroval-plugins@1.1.1_seroval@1.1.1": {
      "integrity": "sha512-qNSy1+nUj7hsCOon7AO4wdAIo9P0jrzAMp18XhiOzA6/uO5TKtP7ScozVJ8T293oRIvi5wyCHSM4TrJo/c/GJA==",
      "dependencies": [
        "seroval"
      ]
    },
    "seroval@1.1.1": {
      "integrity": "sha512-rqEO6FZk8mv7Hyv4UCj3FD3b6Waqft605TLfsCe/BiaylRpyyMC0b+uA5TJKawX3KzMrdi3wsLbCaLplrQmBvQ=="
    },
    "solid-js@1.9.3_seroval@1.1.1": {
      "integrity": "sha512-5ba3taPoZGt9GY3YlsCB24kCg0Lv/rie/HTD4kG6h4daZZz7+yK02xn8Vx8dLYBc9i6Ps5JwAbEiqjmKaLB3Ag==",
      "dependencies": [
        "csstype",
        "seroval",
        "seroval-plugins"
      ]
    },
    "undici-types@6.19.8": {
      "integrity": "sha512-ve2KP6f/JnbPBFyobGHuerC9g1FYGn/F8n1LWTwNxCEzd6IfqTwUQcNXgEtmmQ6DlRrC1hrSrBnCZPokRrDHjw=="
    }
  },
  "workspace": {
    "dependencies": [
      "jsr:@std/assert@1",
      "npm:@effect/platform-node@~0.64.32",
      "npm:@effect/platform@~0.69.30",
      "npm:@solidjs/router@~0.15.1",
      "npm:effect@^3.10.19",
      "npm:solid-js@^1.9.3"
    ]
  }
}
